
Microsoft Visual Studio Solution File, Format Version 12.00
# Visual Studio 2015
Project("{FAE04EC0-301F-11D3-BF4B-00C04F79EFBC}") = "Zendez-App", "Zendez-App.csproj", "{D28B34CF-969B-0259-EDE8-E499A0E3DF58}"
EndProject
Project("{FAE04EC0-301F-11D3-BF4B-00C04F79EFBC}") = "Zendez-App.Plugins", "Zendez-App.Plugins.csproj", "{5F1A6FCD-CA95-CD83-7891-C956A7091FF8}"
EndProject
Global
	GlobalSection(SolutionConfigurationPlatforms) = preSolution
		Debug|Any CPU = Debug|Any CPU
		Release|Any CPU = Release|Any CPU
	EndGlobalSection
	GlobalSection(ProjectConfigurationPlatforms) = postSolution
		{D28B34CF-969B-0259-EDE8-E499A0E3DF58}.Debug|Any CPU.ActiveCfg = Debug|Any CPU
		{D28B34CF-969B-0259-EDE8-E499A0E3DF58}.Debug|Any CPU.Build.0 = Debug|Any CPU
		{D28B34CF-969B-0259-EDE8-E499A0E3DF58}.Release|Any CPU.ActiveCfg = Release|Any CPU
		{D28B34CF-969B-0259-EDE8-E499A0E3DF58}.Release|Any CPU.Build.0 = Release|Any CPU
		{5F1A6FCD-CA95-CD83-7891-C956A7091FF8}.Debug|Any CPU.ActiveCfg = Debug|Any CPU
		{5F1A6FCD-CA95-CD83-7891-C956A7091FF8}.Debug|Any CPU.Build.0 = Debug|Any CPU
		{5F1A6FCD-CA95-CD83-7891-C956A7091FF8}.Release|Any CPU.ActiveCfg = Release|Any CPU
		{5F1A6FCD-CA95-CD83-7891-C956A7091FF8}.Release|Any CPU.Build.0 = Release|Any CPU
	EndGlobalSection
	GlobalSection(SolutionProperties) = preSolution
		HideSolutionNode = FALSE
	EndGlobalSection
EndGlobal
